
Microsoft Visual Studio Solution File, Format Version 12.00
# Visual Studio Version 16
VisualStudioVersion = 16.0.30204.135
MinimumVisualStudioVersion = 10.0.40219.1
Project("{FAE04EC0-301F-11D3-BF4B-00C04F79EFBC}") = "SFTPBulkUpdateService", "SFTPBulkUpdateService.csproj", "{5489F8F2-76B3-43CF-B135-58F02C4A145E}"
EndProject
Global
	GlobalSection(SolutionConfigurationPlatforms) = preSolution
		Debug|Any CPU = Debug|Any CPU
		Release|Any CPU = Release|Any CPU
	EndGlobalSection
	GlobalSection(ProjectConfigurationPlatforms) = postSolution
		{5489F8F2-76B3-43CF-B135-58F02C4A145E}.Debug|Any CPU.ActiveCfg = Debug|Any CPU
		{5489F8F2-76B3-43CF-B135-58F02C4A145E}.Debug|Any CPU.Build.0 = Debug|Any CPU
		{5489F8F2-76B3-43CF-B135-58F02C4A145E}.Release|Any CPU.ActiveCfg = Release|Any CPU
		{5489F8F2-76B3-43CF-B135-58F02C4A145E}.Release|Any CPU.Build.0 = Release|Any CPU
	EndGlobalSection
	GlobalSection(SolutionProperties) = preSolution
		HideSolutionNode = FALSE
	EndGlobalSection
	GlobalSection(ExtensibilityGlobals) = postSolution
		SolutionGuid = {3ECC840A-6820-4CB1-8CCB-DB7B20345A49}
	EndGlobalSection
EndGlobal
